
Microsoft Visual Studio Solution File, Format Version 11.00
# Visual Studio 2010
Project("{FAE04EC0-301F-11D3-BF4B-00C04F79EFBC}") = "PArticulo2", "PArticulo2.csproj", "{56F4760D-28C8-4D57-ADDD-20C112B0088A}"
EndProject
Global
	GlobalSection(SolutionConfigurationPlatforms) = preSolution
		Debug|x86 = Debug|x86
		Release|x86 = Release|x86
	EndGlobalSection
	GlobalSection(ProjectConfigurationPlatforms) = postSolution
		{56F4760D-28C8-4D57-ADDD-20C112B0088A}.Debug|x86.ActiveCfg = Debug|x86
		{56F4760D-28C8-4D57-ADDD-20C112B0088A}.Debug|x86.Build.0 = Debug|x86
		{56F4760D-28C8-4D57-ADDD-20C112B0088A}.Release|x86.ActiveCfg = Release|x86
		{56F4760D-28C8-4D57-ADDD-20C112B0088A}.Release|x86.Build.0 = Release|x86
	EndGlobalSection
	GlobalSection(MonoDevelopProperties) = preSolution
		StartupItem = PArticulo2.csproj
	EndGlobalSection
EndGlobal
